
Microsoft Visual Studio Solution File, Format Version 12.00
Project("{FAE04EC0-301F-11D3-BF4B-00C04F79EFBC}") = "Meowderboard", "Meowderboard\Meowderboard.csproj", "{989ACE52-A72F-41AF-9251-3D980A5BA8C3}"
EndProject
Global
	GlobalSection(SolutionConfigurationPlatforms) = preSolution
		Debug|Any CPU = Debug|Any CPU
		Release|Any CPU = Release|Any CPU
	EndGlobalSection
	GlobalSection(ProjectConfigurationPlatforms) = postSolution
		{989ACE52-A72F-41AF-9251-3D980A5BA8C3}.Debug|Any CPU.ActiveCfg = Debug|Any CPU
		{989ACE52-A72F-41AF-9251-3D980A5BA8C3}.Debug|Any CPU.Build.0 = Debug|Any CPU
		{989ACE52-A72F-41AF-9251-3D980A5BA8C3}.Release|Any CPU.ActiveCfg = Release|Any CPU
		{989ACE52-A72F-41AF-9251-3D980A5BA8C3}.Release|Any CPU.Build.0 = Release|Any CPU
	EndGlobalSection
EndGlobal
